
Microsoft Visual Studio Solution File, Format Version 12.00
# Visual Studio Version 16
VisualStudioVersion = 16.0.30114.105
MinimumVisualStudioVersion = 10.0.40219.1
Project("{2150E333-8FDC-42A3-9474-1A3956D46DE8}") = "src", "src", "{EE06096A-62CA-49CA-AB38-D5882759D720}"
EndProject
Project("{FAE04EC0-301F-11D3-BF4B-00C04F79EFBC}") = "Upgrade.TraineeTracking", "src\Upgrade.TraineeTracking\Upgrade.TraineeTracking.csproj", "{36D367CB-683A-4E6D-B1B9-78735EF0BD99}"
EndProject
Project("{2150E333-8FDC-42A3-9474-1A3956D46DE8}") = "test", "test", "{602EFD32-02BC-405C-9A33-95CCE056EAA1}"
EndProject
Project("{FAE04EC0-301F-11D3-BF4B-00C04F79EFBC}") = "Upgrade.TraineeTracking.Test", "test\Upgrade.TraineeTracking.Test\Upgrade.TraineeTracking.Test.csproj", "{4A438919-858A-4D84-9268-7E1773EEBDEF}"
EndProject
Project("{FAE04EC0-301F-11D3-BF4B-00C04F79EFBC}") = "Upgrade.TraineeTracking.Api", "src\Upgrade.TraineeTracking.Api\Upgrade.TraineeTracking.Api.csproj", "{BFC0D5A8-7D1F-4EAB-9CC3-0B879A447518}"
EndProject
Project("{FAE04EC0-301F-11D3-BF4B-00C04F79EFBC}") = "Upgrade.TraineeTracking.Domain", "src\Upgrade.TraineeTracking.Domain\Upgrade.TraineeTracking.Domain.csproj", "{C50F004B-7350-4118-A548-D714A5D54AA8}"
EndProject
Project("{FAE04EC0-301F-11D3-BF4B-00C04F79EFBC}") = "Upgrade.TraineeTracking.Infrastructure", "src\Upgrade.TraineeTracking.Infrastructure\Upgrade.TraineeTracking.Infrastructure.csproj", "{9154521C-263D-4290-A3E3-61FC68569AD5}"
EndProject
Project("{FAE04EC0-301F-11D3-BF4B-00C04F79EFBC}") = "Upgrade.TraineeTracking.DTO", "src\Upgrade.TraineeTracking.DTO\Upgrade.TraineeTracking.DTO.csproj", "{1D8E15D5-D16D-44D1-82A4-C3A3FF706806}"
EndProject
Project("{FAE04EC0-301F-11D3-BF4B-00C04F79EFBC}") = "Upgrade.TraineeTracking.Services.Abstractions", "src\Upgrade.TraineeTracking.Services.Abstractions\Upgrade.TraineeTracking.Services.Abstractions.csproj", "{4CCE47CF-5885-4FD5-A9E1-9C7CED8EE2B9}"
EndProject
Project("{FAE04EC0-301F-11D3-BF4B-00C04F79EFBC}") = "Upgrade.TraineeTracking.Services", "src\Upgrade.TraineeTracking.Services\Upgrade.TraineeTracking.Services.csproj", "{E421172D-3126-4CEE-AA8A-DFA766759061}"
EndProject
Project("{FAE04EC0-301F-11D3-BF4B-00C04F79EFBC}") = "Upgrade.TraineeTracking.IoC", "src\Upgrade.TraineeTracking.IoC\Upgrade.TraineeTracking.IoC.csproj", "{58198E5F-026B-431B-967B-FE19018BA003}"
EndProject
Project("{FAE04EC0-301F-11D3-BF4B-00C04F79EFBC}") = "Upgrade.TraineeTracking.Grpc", "src\Upgrade.TraineeTracking.Grpc\Upgrade.TraineeTracking.Grpc.csproj", "{2B49F54F-8251-40D3-9403-593BBE4F4ADB}"
EndProject
Project("{FAE04EC0-301F-11D3-BF4B-00C04F79EFBC}") = "Upgrade.TraineeTracking.Grpc.Abstractions", "src\Upgrade.TraineeTracking.Grpc.Abstractions\Upgrade.TraineeTracking.Grpc.Abstractions.csproj", "{2F9E4D37-CC43-4F53-BECD-53F3C7FBF6F9}"
EndProject
Project("{FAE04EC0-301F-11D3-BF4B-00C04F79EFBC}") = "Upgrade.TraineeTracking.Shared", "src\Upgrade.TraineeTracking.Shared\Upgrade.TraineeTracking.Shared.csproj", "{DF96241A-1439-42D7-BD9F-D9AFE8FA4FF6}"
EndProject
Project("{FAE04EC0-301F-11D3-BF4B-00C04F79EFBC}") = "Upgrade.TraineeTracking.Redis", "src\Upgrade.TraineeTracking.Redis\Upgrade.TraineeTracking.Redis.csproj", "{FFDDAD84-9924-4016-9D7F-3E2CFE7BCD97}"
EndProject
Project("{FAE04EC0-301F-11D3-BF4B-00C04F79EFBC}") = "Upgrade.TraineeTracking.InMemory", "src\Upgrade.TraineeTracking.InMemory\Upgrade.TraineeTracking.InMemory.csproj", "{89B14471-17CD-4ECD-8243-7F106DC0C927}"
EndProject
Project("{FAE04EC0-301F-11D3-BF4B-00C04F79EFBC}") = "Upgrade.TraineeTracking.NonRelational", "src\Upgrade.TraineeTracking.NonRelational\Upgrade.TraineeTracking.NonRelational.csproj", "{43AA5602-DCCA-4CA2-8381-0359D14BF74A}"
EndProject
Project("{2150E333-8FDC-42A3-9474-1A3956D46DE8}") = "cross-cutting", "cross-cutting", "{26B3DA8F-D0E3-46BD-8EDB-0465FF4323CF}"
EndProject
Project("{FAE04EC0-301F-11D3-BF4B-00C04F79EFBC}") = "Upgrade.TraineeTracking.Security", "src\cross-cutting\Upgrade.TraineeTracking.Security\Upgrade.TraineeTracking.Security.csproj", "{B4D92BEA-D5BD-4A0A-A06D-DA3762FD776C}"
EndProject
Project("{2150E333-8FDC-42A3-9474-1A3956D46DE8}") = "utils", "utils", "{8E8F1C8F-7FC0-44E2-9204-93CF6D5525B6}"
EndProject
Project("{FAE04EC0-301F-11D3-BF4B-00C04F79EFBC}") = "Upgrade.TraineeTracking.OIDC", "src\cross-cutting\utils\Upgrade.TraineeTracking.OIDC\Upgrade.TraineeTracking.OIDC.csproj", "{A7B0D653-ACCA-4F28-83A8-C96F6C9E5472}"
EndProject
Project("{FAE04EC0-301F-11D3-BF4B-00C04F79EFBC}") = "Upgrade.TraineeTracking.Options", "src\cross-cutting\Upgrade.TraineeTracking.Options\Upgrade.TraineeTracking.Options.csproj", "{6F6E30A4-A485-43E2-9F79-E677BF827D1C}"
EndProject
Global
	GlobalSection(SolutionConfigurationPlatforms) = preSolution
		Debug|Any CPU = Debug|Any CPU
		Debug|x64 = Debug|x64
		Debug|x86 = Debug|x86
		Release|Any CPU = Release|Any CPU
		Release|x64 = Release|x64
		Release|x86 = Release|x86
	EndGlobalSection
	GlobalSection(SolutionProperties) = preSolution
		HideSolutionNode = FALSE
	EndGlobalSection
	GlobalSection(ProjectConfigurationPlatforms) = postSolution
		{36D367CB-683A-4E6D-B1B9-78735EF0BD99}.Debug|Any CPU.ActiveCfg = Debug|Any CPU
		{36D367CB-683A-4E6D-B1B9-78735EF0BD99}.Debug|Any CPU.Build.0 = Debug|Any CPU
		{36D367CB-683A-4E6D-B1B9-78735EF0BD99}.Debug|x64.ActiveCfg = Debug|Any CPU
		{36D367CB-683A-4E6D-B1B9-78735EF0BD99}.Debug|x64.Build.0 = Debug|Any CPU
		{36D367CB-683A-4E6D-B1B9-78735EF0BD99}.Debug|x86.ActiveCfg = Debug|Any CPU
		{36D367CB-683A-4E6D-B1B9-78735EF0BD99}.Debug|x86.Build.0 = Debug|Any CPU
		{36D367CB-683A-4E6D-B1B9-78735EF0BD99}.Release|Any CPU.ActiveCfg = Release|Any CPU
		{36D367CB-683A-4E6D-B1B9-78735EF0BD99}.Release|Any CPU.Build.0 = Release|Any CPU
		{36D367CB-683A-4E6D-B1B9-78735EF0BD99}.Release|x64.ActiveCfg = Release|Any CPU
		{36D367CB-683A-4E6D-B1B9-78735EF0BD99}.Release|x64.Build.0 = Release|Any CPU
		{36D367CB-683A-4E6D-B1B9-78735EF0BD99}.Release|x86.ActiveCfg = Release|Any CPU
		{36D367CB-683A-4E6D-B1B9-78735EF0BD99}.Release|x86.Build.0 = Release|Any CPU
		{4A438919-858A-4D84-9268-7E1773EEBDEF}.Debug|Any CPU.ActiveCfg = Debug|Any CPU
		{4A438919-858A-4D84-9268-7E1773EEBDEF}.Debug|Any CPU.Build.0 = Debug|Any CPU
		{4A438919-858A-4D84-9268-7E1773EEBDEF}.Debug|x64.ActiveCfg = Debug|Any CPU
		{4A438919-858A-4D84-9268-7E1773EEBDEF}.Debug|x64.Build.0 = Debug|Any CPU
		{4A438919-858A-4D84-9268-7E1773EEBDEF}.Debug|x86.ActiveCfg = Debug|Any CPU
		{4A438919-858A-4D84-9268-7E1773EEBDEF}.Debug|x86.Build.0 = Debug|Any CPU
		{4A438919-858A-4D84-9268-7E1773EEBDEF}.Release|Any CPU.ActiveCfg = Release|Any CPU
		{4A438919-858A-4D84-9268-7E1773EEBDEF}.Release|Any CPU.Build.0 = Release|Any CPU
		{4A438919-858A-4D84-9268-7E1773EEBDEF}.Release|x64.ActiveCfg = Release|Any CPU
		{4A438919-858A-4D84-9268-7E1773EEBDEF}.Release|x64.Build.0 = Release|Any CPU
		{4A438919-858A-4D84-9268-7E1773EEBDEF}.Release|x86.ActiveCfg = Release|Any CPU
		{4A438919-858A-4D84-9268-7E1773EEBDEF}.Release|x86.Build.0 = Release|Any CPU
		{BFC0D5A8-7D1F-4EAB-9CC3-0B879A447518}.Debug|Any CPU.ActiveCfg = Debug|Any CPU
		{BFC0D5A8-7D1F-4EAB-9CC3-0B879A447518}.Debug|Any CPU.Build.0 = Debug|Any CPU
		{BFC0D5A8-7D1F-4EAB-9CC3-0B879A447518}.Debug|x64.ActiveCfg = Debug|Any CPU
		{BFC0D5A8-7D1F-4EAB-9CC3-0B879A447518}.Debug|x64.Build.0 = Debug|Any CPU
		{BFC0D5A8-7D1F-4EAB-9CC3-0B879A447518}.Debug|x86.ActiveCfg = Debug|Any CPU
		{BFC0D5A8-7D1F-4EAB-9CC3-0B879A447518}.Debug|x86.Build.0 = Debug|Any CPU
		{BFC0D5A8-7D1F-4EAB-9CC3-0B879A447518}.Release|Any CPU.ActiveCfg = Release|Any CPU
		{BFC0D5A8-7D1F-4EAB-9CC3-0B879A447518}.Release|Any CPU.Build.0 = Release|Any CPU
		{BFC0D5A8-7D1F-4EAB-9CC3-0B879A447518}.Release|x64.ActiveCfg = Release|Any CPU
		{BFC0D5A8-7D1F-4EAB-9CC3-0B879A447518}.Release|x64.Build.0 = Release|Any CPU
		{BFC0D5A8-7D1F-4EAB-9CC3-0B879A447518}.Release|x86.ActiveCfg = Release|Any CPU
		{BFC0D5A8-7D1F-4EAB-9CC3-0B879A447518}.Release|x86.Build.0 = Release|Any CPU
		{C50F004B-7350-4118-A548-D714A5D54AA8}.Debug|Any CPU.ActiveCfg = Debug|Any CPU
		{C50F004B-7350-4118-A548-D714A5D54AA8}.Debug|Any CPU.Build.0 = Debug|Any CPU
		{C50F004B-7350-4118-A548-D714A5D54AA8}.Debug|x64.ActiveCfg = Debug|Any CPU
		{C50F004B-7350-4118-A548-D714A5D54AA8}.Debug|x64.Build.0 = Debug|Any CPU
		{C50F004B-7350-4118-A548-D714A5D54AA8}.Debug|x86.ActiveCfg = Debug|Any CPU
		{C50F004B-7350-4118-A548-D714A5D54AA8}.Debug|x86.Build.0 = Debug|Any CPU
		{C50F004B-7350-4118-A548-D714A5D54AA8}.Release|Any CPU.ActiveCfg = Release|Any CPU
		{C50F004B-7350-4118-A548-D714A5D54AA8}.Release|Any CPU.Build.0 = Release|Any CPU
		{C50F004B-7350-4118-A548-D714A5D54AA8}.Release|x64.ActiveCfg = Release|Any CPU
		{C50F004B-7350-4118-A548-D714A5D54AA8}.Release|x64.Build.0 = Release|Any CPU
		{C50F004B-7350-4118-A548-D714A5D54AA8}.Release|x86.ActiveCfg = Release|Any CPU
		{C50F004B-7350-4118-A548-D714A5D54AA8}.Release|x86.Build.0 = Release|Any CPU
		{9154521C-263D-4290-A3E3-61FC68569AD5}.Debug|Any CPU.ActiveCfg = Debug|Any CPU
		{9154521C-263D-4290-A3E3-61FC68569AD5}.Debug|Any CPU.Build.0 = Debug|Any CPU
		{9154521C-263D-4290-A3E3-61FC68569AD5}.Debug|x64.ActiveCfg = Debug|Any CPU
		{9154521C-263D-4290-A3E3-61FC68569AD5}.Debug|x64.Build.0 = Debug|Any CPU
		{9154521C-263D-4290-A3E3-61FC68569AD5}.Debug|x86.ActiveCfg = Debug|Any CPU
		{9154521C-263D-4290-A3E3-61FC68569AD5}.Debug|x86.Build.0 = Debug|Any CPU
		{9154521C-263D-4290-A3E3-61FC68569AD5}.Release|Any CPU.ActiveCfg = Release|Any CPU
		{9154521C-263D-4290-A3E3-61FC68569AD5}.Release|Any CPU.Build.0 = Release|Any CPU
		{9154521C-263D-4290-A3E3-61FC68569AD5}.Release|x64.ActiveCfg = Release|Any CPU
		{9154521C-263D-4290-A3E3-61FC68569AD5}.Release|x64.Build.0 = Release|Any CPU
		{9154521C-263D-4290-A3E3-61FC68569AD5}.Release|x86.ActiveCfg = Release|Any CPU
		{9154521C-263D-4290-A3E3-61FC68569AD5}.Release|x86.Build.0 = Release|Any CPU
		{1D8E15D5-D16D-44D1-82A4-C3A3FF706806}.Debug|Any CPU.ActiveCfg = Debug|Any CPU
		{1D8E15D5-D16D-44D1-82A4-C3A3FF706806}.Debug|Any CPU.Build.0 = Debug|Any CPU
		{1D8E15D5-D16D-44D1-82A4-C3A3FF706806}.Debug|x64.ActiveCfg = Debug|Any CPU
		{1D8E15D5-D16D-44D1-82A4-C3A3FF706806}.Debug|x64.Build.0 = Debug|Any CPU
		{1D8E15D5-D16D-44D1-82A4-C3A3FF706806}.Debug|x86.ActiveCfg = Debug|Any CPU
		{1D8E15D5-D16D-44D1-82A4-C3A3FF706806}.Debug|x86.Build.0 = Debug|Any CPU
		{1D8E15D5-D16D-44D1-82A4-C3A3FF706806}.Release|Any CPU.ActiveCfg = Release|Any CPU
		{1D8E15D5-D16D-44D1-82A4-C3A3FF706806}.Release|Any CPU.Build.0 = Release|Any CPU
		{1D8E15D5-D16D-44D1-82A4-C3A3FF706806}.Release|x64.ActiveCfg = Release|Any CPU
		{1D8E15D5-D16D-44D1-82A4-C3A3FF706806}.Release|x64.Build.0 = Release|Any CPU
		{1D8E15D5-D16D-44D1-82A4-C3A3FF706806}.Release|x86.ActiveCfg = Release|Any CPU
		{1D8E15D5-D16D-44D1-82A4-C3A3FF706806}.Release|x86.Build.0 = Release|Any CPU
		{4CCE47CF-5885-4FD5-A9E1-9C7CED8EE2B9}.Debug|Any CPU.ActiveCfg = Debug|Any CPU
		{4CCE47CF-5885-4FD5-A9E1-9C7CED8EE2B9}.Debug|Any CPU.Build.0 = Debug|Any CPU
		{4CCE47CF-5885-4FD5-A9E1-9C7CED8EE2B9}.Debug|x64.ActiveCfg = Debug|Any CPU
		{4CCE47CF-5885-4FD5-A9E1-9C7CED8EE2B9}.Debug|x64.Build.0 = Debug|Any CPU
		{4CCE47CF-5885-4FD5-A9E1-9C7CED8EE2B9}.Debug|x86.ActiveCfg = Debug|Any CPU
		{4CCE47CF-5885-4FD5-A9E1-9C7CED8EE2B9}.Debug|x86.Build.0 = Debug|Any CPU
		{4CCE47CF-5885-4FD5-A9E1-9C7CED8EE2B9}.Release|Any CPU.ActiveCfg = Release|Any CPU
		{4CCE47CF-5885-4FD5-A9E1-9C7CED8EE2B9}.Release|Any CPU.Build.0 = Release|Any CPU
		{4CCE47CF-5885-4FD5-A9E1-9C7CED8EE2B9}.Release|x64.ActiveCfg = Release|Any CPU
		{4CCE47CF-5885-4FD5-A9E1-9C7CED8EE2B9}.Release|x64.Build.0 = Release|Any CPU
		{4CCE47CF-5885-4FD5-A9E1-9C7CED8EE2B9}.Release|x86.ActiveCfg = Release|Any CPU
		{4CCE47CF-5885-4FD5-A9E1-9C7CED8EE2B9}.Release|x86.Build.0 = Release|Any CPU
		{E421172D-3126-4CEE-AA8A-DFA766759061}.Debug|Any CPU.ActiveCfg = Debug|Any CPU
		{E421172D-3126-4CEE-AA8A-DFA766759061}.Debug|Any CPU.Build.0 = Debug|Any CPU
		{E421172D-3126-4CEE-AA8A-DFA766759061}.Debug|x64.ActiveCfg = Debug|Any CPU
		{E421172D-3126-4CEE-AA8A-DFA766759061}.Debug|x64.Build.0 = Debug|Any CPU
		{E421172D-3126-4CEE-AA8A-DFA766759061}.Debug|x86.ActiveCfg = Debug|Any CPU
		{E421172D-3126-4CEE-AA8A-DFA766759061}.Debug|x86.Build.0 = Debug|Any CPU
		{E421172D-3126-4CEE-AA8A-DFA766759061}.Release|Any CPU.ActiveCfg = Release|Any CPU
		{E421172D-3126-4CEE-AA8A-DFA766759061}.Release|Any CPU.Build.0 = Release|Any CPU
		{E421172D-3126-4CEE-AA8A-DFA766759061}.Release|x64.ActiveCfg = Release|Any CPU
		{E421172D-3126-4CEE-AA8A-DFA766759061}.Release|x64.Build.0 = Release|Any CPU
		{E421172D-3126-4CEE-AA8A-DFA766759061}.Release|x86.ActiveCfg = Release|Any CPU
		{E421172D-3126-4CEE-AA8A-DFA766759061}.Release|x86.Build.0 = Release|Any CPU
		{58198E5F-026B-431B-967B-FE19018BA003}.Debug|Any CPU.ActiveCfg = Debug|Any CPU
		{58198E5F-026B-431B-967B-FE19018BA003}.Debug|Any CPU.Build.0 = Debug|Any CPU
		{58198E5F-026B-431B-967B-FE19018BA003}.Debug|x64.ActiveCfg = Debug|Any CPU
		{58198E5F-026B-431B-967B-FE19018BA003}.Debug|x64.Build.0 = Debug|Any CPU
		{58198E5F-026B-431B-967B-FE19018BA003}.Debug|x86.ActiveCfg = Debug|Any CPU
		{58198E5F-026B-431B-967B-FE19018BA003}.Debug|x86.Build.0 = Debug|Any CPU
		{58198E5F-026B-431B-967B-FE19018BA003}.Release|Any CPU.ActiveCfg = Release|Any CPU
		{58198E5F-026B-431B-967B-FE19018BA003}.Release|Any CPU.Build.0 = Release|Any CPU
		{58198E5F-026B-431B-967B-FE19018BA003}.Release|x64.ActiveCfg = Release|Any CPU
		{58198E5F-026B-431B-967B-FE19018BA003}.Release|x64.Build.0 = Release|Any CPU
		{58198E5F-026B-431B-967B-FE19018BA003}.Release|x86.ActiveCfg = Release|Any CPU
		{58198E5F-026B-431B-967B-FE19018BA003}.Release|x86.Build.0 = Release|Any CPU
		{2B49F54F-8251-40D3-9403-593BBE4F4ADB}.Debug|Any CPU.ActiveCfg = Debug|Any CPU
		{2B49F54F-8251-40D3-9403-593BBE4F4ADB}.Debug|Any CPU.Build.0 = Debug|Any CPU
		{2B49F54F-8251-40D3-9403-593BBE4F4ADB}.Debug|x64.ActiveCfg = Debug|Any CPU
		{2B49F54F-8251-40D3-9403-593BBE4F4ADB}.Debug|x64.Build.0 = Debug|Any CPU
		{2B49F54F-8251-40D3-9403-593BBE4F4ADB}.Debug|x86.ActiveCfg = Debug|Any CPU
		{2B49F54F-8251-40D3-9403-593BBE4F4ADB}.Debug|x86.Build.0 = Debug|Any CPU
		{2B49F54F-8251-40D3-9403-593BBE4F4ADB}.Release|Any CPU.ActiveCfg = Release|Any CPU
		{2B49F54F-8251-40D3-9403-593BBE4F4ADB}.Release|Any CPU.Build.0 = Release|Any CPU
		{2B49F54F-8251-40D3-9403-593BBE4F4ADB}.Release|x64.ActiveCfg = Release|Any CPU
		{2B49F54F-8251-40D3-9403-593BBE4F4ADB}.Release|x64.Build.0 = Release|Any CPU
		{2B49F54F-8251-40D3-9403-593BBE4F4ADB}.Release|x86.ActiveCfg = Release|Any CPU
		{2B49F54F-8251-40D3-9403-593BBE4F4ADB}.Release|x86.Build.0 = Release|Any CPU
		{2F9E4D37-CC43-4F53-BECD-53F3C7FBF6F9}.Debug|Any CPU.ActiveCfg = Debug|Any CPU
		{2F9E4D37-CC43-4F53-BECD-53F3C7FBF6F9}.Debug|Any CPU.Build.0 = Debug|Any CPU
		{2F9E4D37-CC43-4F53-BECD-53F3C7FBF6F9}.Debug|x64.ActiveCfg = Debug|Any CPU
		{2F9E4D37-CC43-4F53-BECD-53F3C7FBF6F9}.Debug|x64.Build.0 = Debug|Any CPU
		{2F9E4D37-CC43-4F53-BECD-53F3C7FBF6F9}.Debug|x86.ActiveCfg = Debug|Any CPU
		{2F9E4D37-CC43-4F53-BECD-53F3C7FBF6F9}.Debug|x86.Build.0 = Debug|Any CPU
		{2F9E4D37-CC43-4F53-BECD-53F3C7FBF6F9}.Release|Any CPU.ActiveCfg = Release|Any CPU
		{2F9E4D37-CC43-4F53-BECD-53F3C7FBF6F9}.Release|Any CPU.Build.0 = Release|Any CPU
		{2F9E4D37-CC43-4F53-BECD-53F3C7FBF6F9}.Release|x64.ActiveCfg = Release|Any CPU
		{2F9E4D37-CC43-4F53-BECD-53F3C7FBF6F9}.Release|x64.Build.0 = Release|Any CPU
		{2F9E4D37-CC43-4F53-BECD-53F3C7FBF6F9}.Release|x86.ActiveCfg = Release|Any CPU
		{2F9E4D37-CC43-4F53-BECD-53F3C7FBF6F9}.Release|x86.Build.0 = Release|Any CPU
		{DF96241A-1439-42D7-BD9F-D9AFE8FA4FF6}.Debug|Any CPU.ActiveCfg = Debug|Any CPU
		{DF96241A-1439-42D7-BD9F-D9AFE8FA4FF6}.Debug|Any CPU.Build.0 = Debug|Any CPU
		{DF96241A-1439-42D7-BD9F-D9AFE8FA4FF6}.Debug|x64.ActiveCfg = Debug|Any CPU
		{DF96241A-1439-42D7-BD9F-D9AFE8FA4FF6}.Debug|x64.Build.0 = Debug|Any CPU
		{DF96241A-1439-42D7-BD9F-D9AFE8FA4FF6}.Debug|x86.ActiveCfg = Debug|Any CPU
		{DF96241A-1439-42D7-BD9F-D9AFE8FA4FF6}.Debug|x86.Build.0 = Debug|Any CPU
		{DF96241A-1439-42D7-BD9F-D9AFE8FA4FF6}.Release|Any CPU.ActiveCfg = Release|Any CPU
		{DF96241A-1439-42D7-BD9F-D9AFE8FA4FF6}.Release|Any CPU.Build.0 = Release|Any CPU
		{DF96241A-1439-42D7-BD9F-D9AFE8FA4FF6}.Release|x64.ActiveCfg = Release|Any CPU
		{DF96241A-1439-42D7-BD9F-D9AFE8FA4FF6}.Release|x64.Build.0 = Release|Any CPU
		{DF96241A-1439-42D7-BD9F-D9AFE8FA4FF6}.Release|x86.ActiveCfg = Release|Any CPU
		{DF96241A-1439-42D7-BD9F-D9AFE8FA4FF6}.Release|x86.Build.0 = Release|Any CPU
		{FFDDAD84-9924-4016-9D7F-3E2CFE7BCD97}.Debug|Any CPU.ActiveCfg = Debug|Any CPU
		{FFDDAD84-9924-4016-9D7F-3E2CFE7BCD97}.Debug|Any CPU.Build.0 = Debug|Any CPU
		{FFDDAD84-9924-4016-9D7F-3E2CFE7BCD97}.Debug|x64.ActiveCfg = Debug|Any CPU
		{FFDDAD84-9924-4016-9D7F-3E2CFE7BCD97}.Debug|x64.Build.0 = Debug|Any CPU
		{FFDDAD84-9924-4016-9D7F-3E2CFE7BCD97}.Debug|x86.ActiveCfg = Debug|Any CPU
		{FFDDAD84-9924-4016-9D7F-3E2CFE7BCD97}.Debug|x86.Build.0 = Debug|Any CPU
		{FFDDAD84-9924-4016-9D7F-3E2CFE7BCD97}.Release|Any CPU.ActiveCfg = Release|Any CPU
		{FFDDAD84-9924-4016-9D7F-3E2CFE7BCD97}.Release|Any CPU.Build.0 = Release|Any CPU
		{FFDDAD84-9924-4016-9D7F-3E2CFE7BCD97}.Release|x64.ActiveCfg = Release|Any CPU
		{FFDDAD84-9924-4016-9D7F-3E2CFE7BCD97}.Release|x64.Build.0 = Release|Any CPU
		{FFDDAD84-9924-4016-9D7F-3E2CFE7BCD97}.Release|x86.ActiveCfg = Release|Any CPU
		{FFDDAD84-9924-4016-9D7F-3E2CFE7BCD97}.Release|x86.Build.0 = Release|Any CPU
		{89B14471-17CD-4ECD-8243-7F106DC0C927}.Debug|Any CPU.ActiveCfg = Debug|Any CPU
		{89B14471-17CD-4ECD-8243-7F106DC0C927}.Debug|Any CPU.Build.0 = Debug|Any CPU
		{89B14471-17CD-4ECD-8243-7F106DC0C927}.Debug|x64.ActiveCfg = Debug|Any CPU
		{89B14471-17CD-4ECD-8243-7F106DC0C927}.Debug|x64.Build.0 = Debug|Any CPU
		{89B14471-17CD-4ECD-8243-7F106DC0C927}.Debug|x86.ActiveCfg = Debug|Any CPU
		{89B14471-17CD-4ECD-8243-7F106DC0C927}.Debug|x86.Build.0 = Debug|Any CPU
		{89B14471-17CD-4ECD-8243-7F106DC0C927}.Release|Any CPU.ActiveCfg = Release|Any CPU
		{89B14471-17CD-4ECD-8243-7F106DC0C927}.Release|Any CPU.Build.0 = Release|Any CPU
		{89B14471-17CD-4ECD-8243-7F106DC0C927}.Release|x64.ActiveCfg = Release|Any CPU
		{89B14471-17CD-4ECD-8243-7F106DC0C927}.Release|x64.Build.0 = Release|Any CPU
		{89B14471-17CD-4ECD-8243-7F106DC0C927}.Release|x86.ActiveCfg = Release|Any CPU
		{89B14471-17CD-4ECD-8243-7F106DC0C927}.Release|x86.Build.0 = Release|Any CPU
		{43AA5602-DCCA-4CA2-8381-0359D14BF74A}.Debug|Any CPU.ActiveCfg = Debug|Any CPU
		{43AA5602-DCCA-4CA2-8381-0359D14BF74A}.Debug|Any CPU.Build.0 = Debug|Any CPU
		{43AA5602-DCCA-4CA2-8381-0359D14BF74A}.Debug|x64.ActiveCfg = Debug|Any CPU
		{43AA5602-DCCA-4CA2-8381-0359D14BF74A}.Debug|x64.Build.0 = Debug|Any CPU
		{43AA5602-DCCA-4CA2-8381-0359D14BF74A}.Debug|x86.ActiveCfg = Debug|Any CPU
		{43AA5602-DCCA-4CA2-8381-0359D14BF74A}.Debug|x86.Build.0 = Debug|Any CPU
		{43AA5602-DCCA-4CA2-8381-0359D14BF74A}.Release|Any CPU.ActiveCfg = Release|Any CPU
		{43AA5602-DCCA-4CA2-8381-0359D14BF74A}.Release|Any CPU.Build.0 = Release|Any CPU
		{43AA5602-DCCA-4CA2-8381-0359D14BF74A}.Release|x64.ActiveCfg = Release|Any CPU
		{43AA5602-DCCA-4CA2-8381-0359D14BF74A}.Release|x64.Build.0 = Release|Any CPU
		{43AA5602-DCCA-4CA2-8381-0359D14BF74A}.Release|x86.ActiveCfg = Release|Any CPU
		{43AA5602-DCCA-4CA2-8381-0359D14BF74A}.Release|x86.Build.0 = Release|Any CPU
		{B4D92BEA-D5BD-4A0A-A06D-DA3762FD776C}.Debug|Any CPU.ActiveCfg = Debug|Any CPU
		{B4D92BEA-D5BD-4A0A-A06D-DA3762FD776C}.Debug|Any CPU.Build.0 = Debug|Any CPU
		{B4D92BEA-D5BD-4A0A-A06D-DA3762FD776C}.Debug|x64.ActiveCfg = Debug|Any CPU
		{B4D92BEA-D5BD-4A0A-A06D-DA3762FD776C}.Debug|x64.Build.0 = Debug|Any CPU
		{B4D92BEA-D5BD-4A0A-A06D-DA3762FD776C}.Debug|x86.ActiveCfg = Debug|Any CPU
		{B4D92BEA-D5BD-4A0A-A06D-DA3762FD776C}.Debug|x86.Build.0 = Debug|Any CPU
		{B4D92BEA-D5BD-4A0A-A06D-DA3762FD776C}.Release|Any CPU.ActiveCfg = Release|Any CPU
		{B4D92BEA-D5BD-4A0A-A06D-DA3762FD776C}.Release|Any CPU.Build.0 = Release|Any CPU
		{B4D92BEA-D5BD-4A0A-A06D-DA3762FD776C}.Release|x64.ActiveCfg = Release|Any CPU
		{B4D92BEA-D5BD-4A0A-A06D-DA3762FD776C}.Release|x64.Build.0 = Release|Any CPU
		{B4D92BEA-D5BD-4A0A-A06D-DA3762FD776C}.Release|x86.ActiveCfg = Release|Any CPU
		{B4D92BEA-D5BD-4A0A-A06D-DA3762FD776C}.Release|x86.Build.0 = Release|Any CPU
		{A7B0D653-ACCA-4F28-83A8-C96F6C9E5472}.Debug|Any CPU.ActiveCfg = Debug|Any CPU
		{A7B0D653-ACCA-4F28-83A8-C96F6C9E5472}.Debug|Any CPU.Build.0 = Debug|Any CPU
		{A7B0D653-ACCA-4F28-83A8-C96F6C9E5472}.Debug|x64.ActiveCfg = Debug|Any CPU
		{A7B0D653-ACCA-4F28-83A8-C96F6C9E5472}.Debug|x64.Build.0 = Debug|Any CPU
		{A7B0D653-ACCA-4F28-83A8-C96F6C9E5472}.Debug|x86.ActiveCfg = Debug|Any CPU
		{A7B0D653-ACCA-4F28-83A8-C96F6C9E5472}.Debug|x86.Build.0 = Debug|Any CPU
		{A7B0D653-ACCA-4F28-83A8-C96F6C9E5472}.Release|Any CPU.ActiveCfg = Release|Any CPU
		{A7B0D653-ACCA-4F28-83A8-C96F6C9E5472}.Release|Any CPU.Build.0 = Release|Any CPU
		{A7B0D653-ACCA-4F28-83A8-C96F6C9E5472}.Release|x64.ActiveCfg = Release|Any CPU
		{A7B0D653-ACCA-4F28-83A8-C96F6C9E5472}.Release|x64.Build.0 = Release|Any CPU
		{A7B0D653-ACCA-4F28-83A8-C96F6C9E5472}.Release|x86.ActiveCfg = Release|Any CPU
		{A7B0D653-ACCA-4F28-83A8-C96F6C9E5472}.Release|x86.Build.0 = Release|Any CPU
		{6F6E30A4-A485-43E2-9F79-E677BF827D1C}.Debug|Any CPU.ActiveCfg = Debug|Any CPU
		{6F6E30A4-A485-43E2-9F79-E677BF827D1C}.Debug|Any CPU.Build.0 = Debug|Any CPU
		{6F6E30A4-A485-43E2-9F79-E677BF827D1C}.Debug|x64.ActiveCfg = Debug|Any CPU
		{6F6E30A4-A485-43E2-9F79-E677BF827D1C}.Debug|x64.Build.0 = Debug|Any CPU
		{6F6E30A4-A485-43E2-9F79-E677BF827D1C}.Debug|x86.ActiveCfg = Debug|Any CPU
		{6F6E30A4-A485-43E2-9F79-E677BF827D1C}.Debug|x86.Build.0 = Debug|Any CPU
		{6F6E30A4-A485-43E2-9F79-E677BF827D1C}.Release|Any CPU.ActiveCfg = Release|Any CPU
		{6F6E30A4-A485-43E2-9F79-E677BF827D1C}.Release|Any CPU.Build.0 = Release|Any CPU
		{6F6E30A4-A485-43E2-9F79-E677BF827D1C}.Release|x64.ActiveCfg = Release|Any CPU
		{6F6E30A4-A485-43E2-9F79-E677BF827D1C}.Release|x64.Build.0 = Release|Any CPU
		{6F6E30A4-A485-43E2-9F79-E677BF827D1C}.Release|x86.ActiveCfg = Release|Any CPU
		{6F6E30A4-A485-43E2-9F79-E677BF827D1C}.Release|x86.Build.0 = Release|Any CPU
	EndGlobalSection
	GlobalSection(NestedProjects) = preSolution
		{36D367CB-683A-4E6D-B1B9-78735EF0BD99} = {EE06096A-62CA-49CA-AB38-D5882759D720}
		{4A438919-858A-4D84-9268-7E1773EEBDEF} = {602EFD32-02BC-405C-9A33-95CCE056EAA1}
		{BFC0D5A8-7D1F-4EAB-9CC3-0B879A447518} = {EE06096A-62CA-49CA-AB38-D5882759D720}
		{C50F004B-7350-4118-A548-D714A5D54AA8} = {EE06096A-62CA-49CA-AB38-D5882759D720}
		{9154521C-263D-4290-A3E3-61FC68569AD5} = {EE06096A-62CA-49CA-AB38-D5882759D720}
		{1D8E15D5-D16D-44D1-82A4-C3A3FF706806} = {EE06096A-62CA-49CA-AB38-D5882759D720}
		{4CCE47CF-5885-4FD5-A9E1-9C7CED8EE2B9} = {EE06096A-62CA-49CA-AB38-D5882759D720}
		{E421172D-3126-4CEE-AA8A-DFA766759061} = {EE06096A-62CA-49CA-AB38-D5882759D720}
		{58198E5F-026B-431B-967B-FE19018BA003} = {EE06096A-62CA-49CA-AB38-D5882759D720}
		{2B49F54F-8251-40D3-9403-593BBE4F4ADB} = {EE06096A-62CA-49CA-AB38-D5882759D720}
		{2F9E4D37-CC43-4F53-BECD-53F3C7FBF6F9} = {EE06096A-62CA-49CA-AB38-D5882759D720}
		{DF96241A-1439-42D7-BD9F-D9AFE8FA4FF6} = {EE06096A-62CA-49CA-AB38-D5882759D720}
		{FFDDAD84-9924-4016-9D7F-3E2CFE7BCD97} = {EE06096A-62CA-49CA-AB38-D5882759D720}
		{89B14471-17CD-4ECD-8243-7F106DC0C927} = {EE06096A-62CA-49CA-AB38-D5882759D720}
		{43AA5602-DCCA-4CA2-8381-0359D14BF74A} = {EE06096A-62CA-49CA-AB38-D5882759D720}
		{26B3DA8F-D0E3-46BD-8EDB-0465FF4323CF} = {EE06096A-62CA-49CA-AB38-D5882759D720}
		{B4D92BEA-D5BD-4A0A-A06D-DA3762FD776C} = {26B3DA8F-D0E3-46BD-8EDB-0465FF4323CF}
		{8E8F1C8F-7FC0-44E2-9204-93CF6D5525B6} = {26B3DA8F-D0E3-46BD-8EDB-0465FF4323CF}
		{A7B0D653-ACCA-4F28-83A8-C96F6C9E5472} = {8E8F1C8F-7FC0-44E2-9204-93CF6D5525B6}
		{6F6E30A4-A485-43E2-9F79-E677BF827D1C} = {26B3DA8F-D0E3-46BD-8EDB-0465FF4323CF}
	EndGlobalSection
EndGlobal
